
Microsoft Visual Studio Solution File, Format Version 12.00
# Visual Studio Version 17
VisualStudioVersion = 17.5.33424.131
MinimumVisualStudioVersion = 10.0.40219.1
Project("{FAE04EC0-301F-11D3-BF4B-00C04F79EFBC}") = "NTM STAJ PROJE", "NTM STAJ PROJE\NTM STAJ PROJE.csproj", "{AFA59F90-B08A-42CE-828E-6C9E280B5D99}"
EndProject
Project("{FAE04EC0-301F-11D3-BF4B-00C04F79EFBC}") = "EntityLayer", "EntityLayer\EntityLayer.csproj", "{4C5F7EEC-A7DD-47DA-BDD6-08702501FCC2}"
EndProject
Project("{FAE04EC0-301F-11D3-BF4B-00C04F79EFBC}") = "DataAccessLayer", "DataAccessLayer\DataAccessLayer.csproj", "{C7BF023D-D486-49AB-9D1C-4BA99F275A59}"
EndProject
Global
	GlobalSection(SolutionConfigurationPlatforms) = preSolution
		Debug|Any CPU = Debug|Any CPU
		Release|Any CPU = Release|Any CPU
	EndGlobalSection
	GlobalSection(ProjectConfigurationPlatforms) = postSolution
		{AFA59F90-B08A-42CE-828E-6C9E280B5D99}.Debug|Any CPU.ActiveCfg = Debug|Any CPU
		{AFA59F90-B08A-42CE-828E-6C9E280B5D99}.Debug|Any CPU.Build.0 = Debug|Any CPU
		{AFA59F90-B08A-42CE-828E-6C9E280B5D99}.Release|Any CPU.ActiveCfg = Release|Any CPU
		{AFA59F90-B08A-42CE-828E-6C9E280B5D99}.Release|Any CPU.Build.0 = Release|Any CPU
		{4C5F7EEC-A7DD-47DA-BDD6-08702501FCC2}.Debug|Any CPU.ActiveCfg = Debug|Any CPU
		{4C5F7EEC-A7DD-47DA-BDD6-08702501FCC2}.Debug|Any CPU.Build.0 = Debug|Any CPU
		{4C5F7EEC-A7DD-47DA-BDD6-08702501FCC2}.Release|Any CPU.ActiveCfg = Release|Any CPU
		{4C5F7EEC-A7DD-47DA-BDD6-08702501FCC2}.Release|Any CPU.Build.0 = Release|Any CPU
		{C7BF023D-D486-49AB-9D1C-4BA99F275A59}.Debug|Any CPU.ActiveCfg = Debug|Any CPU
		{C7BF023D-D486-49AB-9D1C-4BA99F275A59}.Debug|Any CPU.Build.0 = Debug|Any CPU
		{C7BF023D-D486-49AB-9D1C-4BA99F275A59}.Release|Any CPU.ActiveCfg = Release|Any CPU
		{C7BF023D-D486-49AB-9D1C-4BA99F275A59}.Release|Any CPU.Build.0 = Release|Any CPU
	EndGlobalSection
	GlobalSection(SolutionProperties) = preSolution
		HideSolutionNode = FALSE
	EndGlobalSection
	GlobalSection(ExtensibilityGlobals) = postSolution
		SolutionGuid = {0CED65E9-3B79-4EF8-BB39-D6A2A4F717B6}
	EndGlobalSection
EndGlobal
